
Microsoft Visual Studio Solution File, Format Version 12.00
# Visual Studio Version 17
VisualStudioVersion = 17.9.34701.34
MinimumVisualStudioVersion = 10.0.40219.1
Project("{FAE04EC0-301F-11D3-BF4B-00C04F79EFBC}") = "Task2", "Task2.csproj", "{2D0748E3-1BB8-4711-8F69-645F53A071AA}"
EndProject
Global
	GlobalSection(SolutionConfigurationPlatforms) = preSolution
		Debug|Any CPU = Debug|Any CPU
		Release|Any CPU = Release|Any CPU
	EndGlobalSection
	GlobalSection(ProjectConfigurationPlatforms) = postSolution
		{2D0748E3-1BB8-4711-8F69-645F53A071AA}.Debug|Any CPU.ActiveCfg = Debug|Any CPU
		{2D0748E3-1BB8-4711-8F69-645F53A071AA}.Debug|Any CPU.Build.0 = Debug|Any CPU
		{2D0748E3-1BB8-4711-8F69-645F53A071AA}.Release|Any CPU.ActiveCfg = Release|Any CPU
		{2D0748E3-1BB8-4711-8F69-645F53A071AA}.Release|Any CPU.Build.0 = Release|Any CPU
	EndGlobalSection
	GlobalSection(SolutionProperties) = preSolution
		HideSolutionNode = FALSE
	EndGlobalSection
	GlobalSection(ExtensibilityGlobals) = postSolution
		SolutionGuid = {EF4953F1-0202-49C1-A7BB-99513DF0F854}
	EndGlobalSection
EndGlobal
