
Microsoft Visual Studio Solution File, Format Version 12.00
# Visual Studio Version 17
VisualStudioVersion = 17.9.34701.34
MinimumVisualStudioVersion = 10.0.40219.1
Project("{FAE04EC0-301F-11D3-BF4B-00C04F79EFBC}") = "Order_Management", "Order_Management.csproj", "{31BFBC5D-1532-49C2-8BB5-8BD8BAC572FD}"
EndProject
Project("{FAE04EC0-301F-11D3-BF4B-00C04F79EFBC}") = "Order_ManagementTests", "..\Order_ManagementTests\Order_ManagementTests.csproj", "{3EE853FE-D343-4E15-8A49-E66D7F800E8B}"
EndProject
Global
	GlobalSection(SolutionConfigurationPlatforms) = preSolution
		Debug|Any CPU = Debug|Any CPU
		Release|Any CPU = Release|Any CPU
	EndGlobalSection
	GlobalSection(ProjectConfigurationPlatforms) = postSolution
		{31BFBC5D-1532-49C2-8BB5-8BD8BAC572FD}.Debug|Any CPU.ActiveCfg = Debug|Any CPU
		{31BFBC5D-1532-49C2-8BB5-8BD8BAC572FD}.Debug|Any CPU.Build.0 = Debug|Any CPU
		{31BFBC5D-1532-49C2-8BB5-8BD8BAC572FD}.Release|Any CPU.ActiveCfg = Release|Any CPU
		{31BFBC5D-1532-49C2-8BB5-8BD8BAC572FD}.Release|Any CPU.Build.0 = Release|Any CPU
		{3EE853FE-D343-4E15-8A49-E66D7F800E8B}.Debug|Any CPU.ActiveCfg = Debug|Any CPU
		{3EE853FE-D343-4E15-8A49-E66D7F800E8B}.Debug|Any CPU.Build.0 = Debug|Any CPU
		{3EE853FE-D343-4E15-8A49-E66D7F800E8B}.Release|Any CPU.ActiveCfg = Release|Any CPU
		{3EE853FE-D343-4E15-8A49-E66D7F800E8B}.Release|Any CPU.Build.0 = Release|Any CPU
	EndGlobalSection
	GlobalSection(SolutionProperties) = preSolution
		HideSolutionNode = FALSE
	EndGlobalSection
	GlobalSection(ExtensibilityGlobals) = postSolution
		SolutionGuid = {C4C7F214-0E71-4872-9486-A824F2754051}
	EndGlobalSection
EndGlobal
